// !$*UTF8*$!
{
	archiveVersion = 1;
	classes = {
	};
	objectVersion = 50;
	objects = {

/* Begin PBXBuildFile section */
		9C5072CE2555D21C008A7E0A /* AppDelegate.swift in Sources */ = {isa = PBXBuildFile; fileRef = 9C5072CD2555D21C008A7E0A /* AppDelegate.swift */; };
		9C5072D02555D21C008A7E0A /* SceneDelegate.swift in Sources */ = {isa = PBXBuildFile; fileRef = 9C5072CF2555D21C008A7E0A /* SceneDelegate.swift */; };
		9C5072D22555D21C008A7E0A /* ViewController.swift in Sources */ = {isa = PBXBuildFile; fileRef = 9C5072D12555D21C008A7E0A /* ViewController.swift */; };
		9C5072D52555D21C008A7E0A /* Main.storyboard in Resources */ = {isa = PBXBuildFile; fileRef = 9C5072D32555D21C008A7E0A /* Main.storyboard */; };
		9C5072D72555D21E008A7E0A /* Assets.xcassets in Resources */ = {isa = PBXBuildFile; fileRef = 9C5072D62555D21E008A7E0A /* Assets.xcassets */; };
		9C5072DA2555D21E008A7E0A /* LaunchScreen.storyboard in Resources */ = {isa = PBXBuildFile; fileRef = 9C5072D82555D21E008A7E0A /* LaunchScreen.storyboard */; };
		9C5072E82555DEA6008A7E0A /* FiraSans-SemiBold.ttf in Resources */ = {isa = PBXBuildFile; fileRef = 9C5072E62555DEA5008A7E0A /* FiraSans-SemiBold.ttf */; };
		9C5072E92555DEA6008A7E0A /* FiraSans-ExtraBold.ttf in Resources */ = {isa = PBXBuildFile; fileRef = 9C5072E72555DEA6008A7E0A /* FiraSans-ExtraBold.ttf */; };
		9C5072F72555E00F008A7E0A /* SFUIText-BoldItalic.ttf in Resources */ = {isa = PBXBuildFile; fileRef = 9C5072EB2555E00E008A7E0A /* SFUIText-BoldItalic.ttf */; };
		9C5072F82555E010008A7E0A /* SFUIText-Semibold.ttf in Resources */ = {isa = PBXBuildFile; fileRef = 9C5072EC2555E00E008A7E0A /* SFUIText-Semibold.ttf */; };
		9C5072F92555E010008A7E0A /* SFUIText-RegularItalic.ttf in Resources */ = {isa = PBXBuildFile; fileRef = 9C5072ED2555E00E008A7E0A /* SFUIText-RegularItalic.ttf */; };
		9C5072FA2555E010008A7E0A /* SFUIText-MediumItalic.ttf in Resources */ = {isa = PBXBuildFile; fileRef = 9C5072EE2555E00E008A7E0A /* SFUIText-MediumItalic.ttf */; };
		9C5072FB2555E010008A7E0A /* SFUIText-Heavy.ttf in Resources */ = {isa = PBXBuildFile; fileRef = 9C5072EF2555E00F008A7E0A /* SFUIText-Heavy.ttf */; };
		9C5072FC2555E010008A7E0A /* SFUIText-Regular.ttf in Resources */ = {isa = PBXBuildFile; fileRef = 9C5072F02555E00F008A7E0A /* SFUIText-Regular.ttf */; };
		9C5072FD2555E010008A7E0A /* SFUIText-Light.ttf in Resources */ = {isa = PBXBuildFile; fileRef = 9C5072F12555E00F008A7E0A /* SFUIText-Light.ttf */; };
		9C5072FE2555E010008A7E0A /* SFUIText-Medium.ttf in Resources */ = {isa = PBXBuildFile; fileRef = 9C5072F22555E00F008A7E0A /* SFUIText-Medium.ttf */; };
		9C5072FF2555E010008A7E0A /* SFUIText-SemiboldItalic.ttf in Resources */ = {isa = PBXBuildFile; fileRef = 9C5072F32555E00F008A7E0A /* SFUIText-SemiboldItalic.ttf */; };
		9C5073002555E010008A7E0A /* SFUIText-Bold.ttf in Resources */ = {isa = PBXBuildFile; fileRef = 9C5072F42555E00F008A7E0A /* SFUIText-Bold.ttf */; };
		9C5073012555E010008A7E0A /* SFUIText-LightItalic.ttf in Resources */ = {isa = PBXBuildFile; fileRef = 9C5072F52555E00F008A7E0A /* SFUIText-LightItalic.ttf */; };
		9C5073022555E010008A7E0A /* SFUIText-HeavyItalic.ttf in Resources */ = {isa = PBXBuildFile; fileRef = 9C5072F62555E00F008A7E0A /* SFUIText-HeavyItalic.ttf */; };
		9C5073092555E6A1008A7E0A /* RoundedButton.swift in Sources */ = {isa = PBXBuildFile; fileRef = 9C5073082555E6A1008A7E0A /* RoundedButton.swift */; };
		9C50730C2555E8DC008A7E0A /* RoundedView.swift in Sources */ = {isa = PBXBuildFile; fileRef = 9C50730B2555E8DC008A7E0A /* RoundedView.swift */; };
		9C5073102555FFB4008A7E0A /* CustomTextInputTableViewCell.swift in Sources */ = {isa = PBXBuildFile; fileRef = 9C50730E2555FFB4008A7E0A /* CustomTextInputTableViewCell.swift */; };
		9C5073112555FFB4008A7E0A /* CustomTextInputTableViewCell.xib in Resources */ = {isa = PBXBuildFile; fileRef = 9C50730F2555FFB4008A7E0A /* CustomTextInputTableViewCell.xib */; };
		9C65E49225572D1C00BF65EF /* SignupController.swift in Sources */ = {isa = PBXBuildFile; fileRef = 9C65E49125572D1C00BF65EF /* SignupController.swift */; };
/* End PBXBuildFile section */

/* Begin PBXFileReference section */
		9C5072CA2555D21C008A7E0A /* prototype-ui-update.app */ = {isa = PBXFileReference; explicitFileType = wrapper.application; includeInIndex = 0; path = "prototype-ui-update.app"; sourceTree = BUILT_PRODUCTS_DIR; };
		9C5072CD2555D21C008A7E0A /* AppDelegate.swift */ = {isa = PBXFileReference; lastKnownFileType = sourcecode.swift; path = AppDelegate.swift; sourceTree = "<group>"; };
		9C5072CF2555D21C008A7E0A /* SceneDelegate.swift */ = {isa = PBXFileReference; lastKnownFileType = sourcecode.swift; path = SceneDelegate.swift; sourceTree = "<group>"; };
		9C5072D12555D21C008A7E0A /* ViewController.swift */ = {isa = PBXFileReference; lastKnownFileType = sourcecode.swift; path = ViewController.swift; sourceTree = "<group>"; };
		9C5072D42555D21C008A7E0A /* Base */ = {isa = PBXFileReference; lastKnownFileType = file.storyboard; name = Base; path = Base.lproj/Main.storyboard; sourceTree = "<group>"; };
		9C5072D62555D21E008A7E0A /* Assets.xcassets */ = {isa = PBXFileReference; lastKnownFileType = folder.assetcatalog; path = Assets.xcassets; sourceTree = "<group>"; };
		9C5072D92555D21E008A7E0A /* Base */ = {isa = PBXFileReference; lastKnownFileType = file.storyboard; name = Base; path = Base.lproj/LaunchScreen.storyboard; sourceTree = "<group>"; };
		9C5072DB2555D21E008A7E0A /* Info.plist */ = {isa = PBXFileReference; lastKnownFileType = text.plist.xml; path = Info.plist; sourceTree = "<group>"; };
		9C5072E62555DEA5008A7E0A /* FiraSans-SemiBold.ttf */ = {isa = PBXFileReference; lastKnownFileType = file; path = "FiraSans-SemiBold.ttf"; sourceTree = "<group>"; };
		9C5072E72555DEA6008A7E0A /* FiraSans-ExtraBold.ttf */ = {isa = PBXFileReference; lastKnownFileType = file; path = "FiraSans-ExtraBold.ttf"; sourceTree = "<group>"; };
		9C5072EB2555E00E008A7E0A /* SFUIText-BoldItalic.ttf */ = {isa = PBXFileReference; lastKnownFileType = file; path = "SFUIText-BoldItalic.ttf"; sourceTree = "<group>"; };
		9C5072EC2555E00E008A7E0A /* SFUIText-Semibold.ttf */ = {isa = PBXFileReference; lastKnownFileType = file; path = "SFUIText-Semibold.ttf"; sourceTree = "<group>"; };
		9C5072ED2555E00E008A7E0A /* SFUIText-RegularItalic.ttf */ = {isa = PBXFileReference; lastKnownFileType = file; path = "SFUIText-RegularItalic.ttf"; sourceTree = "<group>"; };
		9C5072EE2555E00E008A7E0A /* SFUIText-MediumItalic.ttf */ = {isa = PBXFileReference; lastKnownFileType = file; path = "SFUIText-MediumItalic.ttf"; sourceTree = "<group>"; };
		9C5072EF2555E00F008A7E0A /* SFUIText-Heavy.ttf */ = {isa = PBXFileReference; lastKnownFileType = file; path = "SFUIText-Heavy.ttf"; sourceTree = "<group>"; };
		9C5072F02555E00F008A7E0A /* SFUIText-Regular.ttf */ = {isa = PBXFileReference; lastKnownFileType = file; path = "SFUIText-Regular.ttf"; sourceTree = "<group>"; };
		9C5072F12555E00F008A7E0A /* SFUIText-Light.ttf */ = {isa = PBXFileReference; lastKnownFileType = file; path = "SFUIText-Light.ttf"; sourceTree = "<group>"; };
		9C5072F22555E00F008A7E0A /* SFUIText-Medium.ttf */ = {isa = PBXFileReference; lastKnownFileType = file; path = "SFUIText-Medium.ttf"; sourceTree = "<group>"; };
		9C5072F32555E00F008A7E0A /* SFUIText-SemiboldItalic.ttf */ = {isa = PBXFileReference; lastKnownFileType = file; path = "SFUIText-SemiboldItalic.ttf"; sourceTree = "<group>"; };
		9C5072F42555E00F008A7E0A /* SFUIText-Bold.ttf */ = {isa = PBXFileReference; lastKnownFileType = file; path = "SFUIText-Bold.ttf"; sourceTree = "<group>"; };
		9C5072F52555E00F008A7E0A /* SFUIText-LightItalic.ttf */ = {isa = PBXFileReference; lastKnownFileType = file; path = "SFUIText-LightItalic.ttf"; sourceTree = "<group>"; };
		9C5072F62555E00F008A7E0A /* SFUIText-HeavyItalic.ttf */ = {isa = PBXFileReference; lastKnownFileType = file; path = "SFUIText-HeavyItalic.ttf"; sourceTree = "<group>"; };
		9C5073082555E6A1008A7E0A /* RoundedButton.swift */ = {isa = PBXFileReference; lastKnownFileType = sourcecode.swift; path = RoundedButton.swift; sourceTree = "<group>"; };
		9C50730B2555E8DC008A7E0A /* RoundedView.swift */ = {isa = PBXFileReference; lastKnownFileType = sourcecode.swift; path = RoundedView.swift; sourceTree = "<group>"; };
		9C50730E2555FFB4008A7E0A /* CustomTextInputTableViewCell.swift */ = {isa = PBXFileReference; lastKnownFileType = sourcecode.swift; path = CustomTextInputTableViewCell.swift; sourceTree = "<group>"; };
		9C50730F2555FFB4008A7E0A /* CustomTextInputTableViewCell.xib */ = {isa = PBXFileReference; lastKnownFileType = file.xib; path = CustomTextInputTableViewCell.xib; sourceTree = "<group>"; };
		9C65E49125572D1C00BF65EF /* SignupController.swift */ = {isa = PBXFileReference; lastKnownFileType = sourcecode.swift; path = SignupController.swift; sourceTree = "<group>"; };
/* End PBXFileReference section */

/* Begin PBXFrameworksBuildPhase section */
		9C5072C72555D21C008A7E0A /* Frameworks */ = {
			isa = PBXFrameworksBuildPhase;
			buildActionMask = 2147483647;
			files = (
			);
			runOnlyForDeploymentPostprocessing = 0;
		};
/* End PBXFrameworksBuildPhase section */

/* Begin PBXGroup section */
		9C5072C12555D21C008A7E0A = {
			isa = PBXGroup;
			children = (
				9C5072CC2555D21C008A7E0A /* prototype-ui-update */,
				9C5072CB2555D21C008A7E0A /* Products */,
			);
			sourceTree = "<group>";
		};
		9C5072CB2555D21C008A7E0A /* Products */ = {
			isa = PBXGroup;
			children = (
				9C5072CA2555D21C008A7E0A /* prototype-ui-update.app */,
			);
			name = Products;
			sourceTree = "<group>";
		};
		9C5072CC2555D21C008A7E0A /* prototype-ui-update */ = {
			isa = PBXGroup;
			children = (
				9C65E48E25572BE000BF65EF /* Components */,
				9C65E48D25572BD700BF65EF /* Signup */,
				9C65E48C25572BB400BF65EF /* App */,
				9C5072D12555D21C008A7E0A /* ViewController.swift */,
				9C5072D32555D21C008A7E0A /* Main.storyboard */,
				9C5072D62555D21E008A7E0A /* Assets.xcassets */,
				9C5072D82555D21E008A7E0A /* LaunchScreen.storyboard */,
				9C65E48925572B7700BF65EF /* Fonts */,
				9C65E48A25572B9100BF65EF /* RoundedImageView */,
			);
			path = "prototype-ui-update";
			sourceTree = "<group>";
		};
		9C65E48925572B7700BF65EF /* Fonts */ = {
			isa = PBXGroup;
			children = (
				9C5072E72555DEA6008A7E0A /* FiraSans-ExtraBold.ttf */,
				9C5072E62555DEA5008A7E0A /* FiraSans-SemiBold.ttf */,
				9C5072F42555E00F008A7E0A /* SFUIText-Bold.ttf */,
				9C5072EB2555E00E008A7E0A /* SFUIText-BoldItalic.ttf */,
				9C5072EF2555E00F008A7E0A /* SFUIText-Heavy.ttf */,
				9C5072F62555E00F008A7E0A /* SFUIText-HeavyItalic.ttf */,
				9C5072F12555E00F008A7E0A /* SFUIText-Light.ttf */,
				9C5072F52555E00F008A7E0A /* SFUIText-LightItalic.ttf */,
				9C5072F22555E00F008A7E0A /* SFUIText-Medium.ttf */,
				9C5072EE2555E00E008A7E0A /* SFUIText-MediumItalic.ttf */,
				9C5072F02555E00F008A7E0A /* SFUIText-Regular.ttf */,
				9C5072ED2555E00E008A7E0A /* SFUIText-RegularItalic.ttf */,
				9C5072EC2555E00E008A7E0A /* SFUIText-Semibold.ttf */,
				9C5072F32555E00F008A7E0A /* SFUIText-SemiboldItalic.ttf */,
			);
			path = Fonts;
			sourceTree = "<group>";
		};
		9C65E48A25572B9100BF65EF /* RoundedImageView */ = {
			isa = PBXGroup;
			children = (
				9C5073082555E6A1008A7E0A /* RoundedButton.swift */,
				9C50730B2555E8DC008A7E0A /* RoundedView.swift */,
			);
			path = RoundedImageView;
			sourceTree = "<group>";
		};
		9C65E48C25572BB400BF65EF /* App */ = {
			isa = PBXGroup;
			children = (
				9C5072CD2555D21C008A7E0A /* AppDelegate.swift */,
				9C5072CF2555D21C008A7E0A /* SceneDelegate.swift */,
				9C5072DB2555D21E008A7E0A /* Info.plist */,
			);
			path = App;
			sourceTree = "<group>";
		};
		9C65E48D25572BD700BF65EF /* Signup */ = {
			isa = PBXGroup;
			children = (
				9C65E49125572D1C00BF65EF /* SignupController.swift */,
			);
			path = Signup;
			sourceTree = "<group>";
		};
		9C65E48E25572BE000BF65EF /* Components */ = {
			isa = PBXGroup;
			children = (
				9C65E48F25572BEF00BF65EF /* TextField */,
			);
			path = Components;
			sourceTree = "<group>";
		};
		9C65E48F25572BEF00BF65EF /* TextField */ = {
			isa = PBXGroup;
			children = (
				9C50730E2555FFB4008A7E0A /* CustomTextInputTableViewCell.swift */,
				9C50730F2555FFB4008A7E0A /* CustomTextInputTableViewCell.xib */,
			);
			path = TextField;
			sourceTree = "<group>";
		};
/* End PBXGroup section */

/* Begin PBXNativeTarget section */
		9C5072C92555D21C008A7E0A /* prototype-ui-update */ = {
			isa = PBXNativeTarget;
			buildConfigurationList = 9C5072DE2555D21E008A7E0A /* Build configuration list for PBXNativeTarget "prototype-ui-update" */;
			buildPhases = (
				9C5072C62555D21C008A7E0A /* Sources */,
				9C5072C72555D21C008A7E0A /* Frameworks */,
				9C5072C82555D21C008A7E0A /* Resources */,
			);
			buildRules = (
			);
			dependencies = (
			);
			name = "prototype-ui-update";
			productName = "prototype-ui-update";
			productReference = 9C5072CA2555D21C008A7E0A /* prototype-ui-update.app */;
			productType = "com.apple.product-type.application";
		};
/* End PBXNativeTarget section */

/* Begin PBXProject section */
		9C5072C22555D21C008A7E0A /* Project object */ = {
			isa = PBXProject;
			attributes = {
				LastSwiftUpdateCheck = 1210;
				LastUpgradeCheck = 1210;
				TargetAttributes = {
					9C5072C92555D21C008A7E0A = {
						CreatedOnToolsVersion = 12.1;
					};
				};
			};
			buildConfigurationList = 9C5072C52555D21C008A7E0A /* Build configuration list for PBXProject "prototype-ui-update" */;
			compatibilityVersion = "Xcode 9.3";
			developmentRegion = en;
			hasScannedForEncodings = 0;
			knownRegions = (
				en,
				Base,
			);
			mainGroup = 9C5072C12555D21C008A7E0A;
			productRefGroup = 9C5072CB2555D21C008A7E0A /* Products */;
			projectDirPath = "";
			projectRoot = "";
			targets = (
				9C5072C92555D21C008A7E0A /* prototype-ui-update */,
			);
		};
/* End PBXProject section */

/* Begin PBXResourcesBuildPhase section */
		9C5072C82555D21C008A7E0A /* Resources */ = {
			isa = PBXResourcesBuildPhase;
			buildActionMask = 2147483647;
			files = (
				9C5073022555E010008A7E0A /* SFUIText-HeavyItalic.ttf in Resources */,
				9C5072DA2555D21E008A7E0A /* LaunchScreen.storyboard in Resources */,
				9C5072FB2555E010008A7E0A /* SFUIText-Heavy.ttf in Resources */,
				9C5072F82555E010008A7E0A /* SFUIText-Semibold.ttf in Resources */,
				9C5072FF2555E010008A7E0A /* SFUIText-SemiboldItalic.ttf in Resources */,
				9C5072FC2555E010008A7E0A /* SFUIText-Regular.ttf in Resources */,
				9C5072FD2555E010008A7E0A /* SFUIText-Light.ttf in Resources */,
				9C5073002555E010008A7E0A /* SFUIText-Bold.ttf in Resources */,
				9C5072F72555E00F008A7E0A /* SFUIText-BoldItalic.ttf in Resources */,
				9C5072F92555E010008A7E0A /* SFUIText-RegularItalic.ttf in Resources */,
				9C5072FA2555E010008A7E0A /* SFUIText-MediumItalic.ttf in Resources */,
				9C5072D72555D21E008A7E0A /* Assets.xcassets in Resources */,
				9C5073012555E010008A7E0A /* SFUIText-LightItalic.ttf in Resources */,
				9C5073112555FFB4008A7E0A /* CustomTextInputTableViewCell.xib in Resources */,
				9C5072E92555DEA6008A7E0A /* FiraSans-ExtraBold.ttf in Resources */,
				9C5072FE2555E010008A7E0A /* SFUIText-Medium.ttf in Resources */,
				9C5072E82555DEA6008A7E0A /* FiraSans-SemiBold.ttf in Resources */,
				9C5072D52555D21C008A7E0A /* Main.storyboard in Resources */,
			);
			runOnlyForDeploymentPostprocessing = 0;
		};
/* End PBXResourcesBuildPhase section */

/* Begin PBXSourcesBuildPhase section */
		9C5072C62555D21C008A7E0A /* Sources */ = {
			isa = PBXSourcesBuildPhase;
			buildActionMask = 2147483647;
			files = (
				9C5072D22555D21C008A7E0A /* ViewController.swift in Sources */,
				9C5073102555FFB4008A7E0A /* CustomTextInputTableViewCell.swift in Sources */,
				9C65E49225572D1C00BF65EF /* SignupController.swift in Sources */,
				9C5073092555E6A1008A7E0A /* RoundedButton.swift in Sources */,
				9C50730C2555E8DC008A7E0A /* RoundedView.swift in Sources */,
				9C5072CE2555D21C008A7E0A /* AppDelegate.swift in Sources */,
				9C5072D02555D21C008A7E0A /* SceneDelegate.swift in Sources */,
			);
			runOnlyForDeploymentPostprocessing = 0;
		};
/* End PBXSourcesBuildPhase section */

/* Begin PBXVariantGroup section */
		9C5072D32555D21C008A7E0A /* Main.storyboard */ = {
			isa = PBXVariantGroup;
			children = (
				9C5072D42555D21C008A7E0A /* Base */,
			);
			name = Main.storyboard;
			sourceTree = "<group>";
		};
		9C5072D82555D21E008A7E0A /* LaunchScreen.storyboard */ = {
			isa = PBXVariantGroup;
			children = (
				9C5072D92555D21E008A7E0A /* Base */,
			);
			name = LaunchScreen.storyboard;
			sourceTree = "<group>";
		};
/* End PBXVariantGroup section */

/* Begin XCBuildConfiguration section */
		9C5072DC2555D21E008A7E0A /* Debug */ = {
			isa = XCBuildConfiguration;
			buildSettings = {
				ALWAYS_SEARCH_USER_PATHS = NO;
				CLANG_ANALYZER_NONNULL = YES;
				CLANG_ANALYZER_NUMBER_OBJECT_CONVERSION = YES_AGGRESSIVE;
				CLANG_CXX_LANGUAGE_STANDARD = "gnu++14";
				CLANG_CXX_LIBRARY = "libc++";
				CLANG_ENABLE_MODULES = YES;
				CLANG_ENABLE_OBJC_ARC = YES;
				CLANG_ENABLE_OBJC_WEAK = YES;
				CLANG_WARN_BLOCK_CAPTURE_AUTORELEASING = YES;
				CLANG_WARN_BOOL_CONVERSION = YES;
				CLANG_WARN_COMMA = YES;
				CLANG_WARN_CONSTANT_CONVERSION = YES;
				CLANG_WARN_DEPRECATED_OBJC_IMPLEMENTATIONS = YES;
				CLANG_WARN_DIRECT_OBJC_ISA_USAGE = YES_ERROR;
				CLANG_WARN_DOCUMENTATION_COMMENTS = YES;
				CLANG_WARN_EMPTY_BODY = YES;
				CLANG_WARN_ENUM_CONVERSION = YES;
				CLANG_WARN_INFINITE_RECURSION = YES;
				CLANG_WARN_INT_CONVERSION = YES;
				CLANG_WARN_NON_LITERAL_NULL_CONVERSION = YES;
				CLANG_WARN_OBJC_IMPLICIT_RETAIN_SELF = YES;
				CLANG_WARN_OBJC_LITERAL_CONVERSION = YES;
				CLANG_WARN_OBJC_ROOT_CLASS = YES_ERROR;
				CLANG_WARN_QUOTED_INCLUDE_IN_FRAMEWORK_HEADER = YES;
				CLANG_WARN_RANGE_LOOP_ANALYSIS = YES;
				CLANG_WARN_STRICT_PROTOTYPES = YES;
				CLANG_WARN_SUSPICIOUS_MOVE = YES;
				CLANG_WARN_UNGUARDED_AVAILABILITY = YES_AGGRESSIVE;
				CLANG_WARN_UNREACHABLE_CODE = YES;
				CLANG_WARN__DUPLICATE_METHOD_MATCH = YES;
				COPY_PHASE_STRIP = NO;
				DEBUG_INFORMATION_FORMAT = dwarf;
				ENABLE_STRICT_OBJC_MSGSEND = YES;
				ENABLE_TESTABILITY = YES;
				GCC_C_LANGUAGE_STANDARD = gnu11;
				GCC_DYNAMIC_NO_PIC = NO;
				GCC_NO_COMMON_BLOCKS = YES;
				GCC_OPTIMIZATION_LEVEL = 0;
				GCC_PREPROCESSOR_DEFINITIONS = (
					"DEBUG=1",
					"$(inherited)",
				);
				GCC_WARN_64_TO_32_BIT_CONVERSION = YES;
				GCC_WARN_ABOUT_RETURN_TYPE = YES_ERROR;
				GCC_WARN_UNDECLARED_SELECTOR = YES;
				GCC_WARN_UNINITIALIZED_AUTOS = YES_AGGRESSIVE;
				GCC_WARN_UNUSED_FUNCTION = YES;
				GCC_WARN_UNUSED_VARIABLE = YES;
				IPHONEOS_DEPLOYMENT_TARGET = 14.1;
				MTL_ENABLE_DEBUG_INFO = INCLUDE_SOURCE;
				MTL_FAST_MATH = YES;
				ONLY_ACTIVE_ARCH = YES;
				SDKROOT = iphoneos;
				SWIFT_ACTIVE_COMPILATION_CONDITIONS = DEBUG;
				SWIFT_OPTIMIZATION_LEVEL = "-Onone";
			};
			name = Debug;
		};
		9C5072DD2555D21E008A7E0A /* Release */ = {
			isa = XCBuildConfiguration;
			buildSettings = {
				ALWAYS_SEARCH_USER_PATHS = NO;
				CLANG_ANALYZER_NONNULL = YES;
				CLANG_ANALYZER_NUMBER_OBJECT_CONVERSION = YES_AGGRESSIVE;
				CLANG_CXX_LANGUAGE_STANDARD = "gnu++14";
				CLANG_CXX_LIBRARY = "libc++";
				CLANG_ENABLE_MODULES = YES;
				CLANG_ENABLE_OBJC_ARC = YES;
				CLANG_ENABLE_OBJC_WEAK = YES;
				CLANG_WARN_BLOCK_CAPTURE_AUTORELEASING = YES;
				CLANG_WARN_BOOL_CONVERSION = YES;
				CLANG_WARN_COMMA = YES;
				CLANG_WARN_CONSTANT_CONVERSION = YES;
				CLANG_WARN_DEPRECATED_OBJC_IMPLEMENTATIONS = YES;
				CLANG_WARN_DIRECT_OBJC_ISA_USAGE = YES_ERROR;
				CLANG_WARN_DOCUMENTATION_COMMENTS = YES;
				CLANG_WARN_EMPTY_BODY = YES;
				CLANG_WARN_ENUM_CONVERSION = YES;
				CLANG_WARN_INFINITE_RECURSION = YES;
				CLANG_WARN_INT_CONVERSION = YES;
				CLANG_WARN_NON_LITERAL_NULL_CONVERSION = YES;
				CLANG_WARN_OBJC_IMPLICIT_RETAIN_SELF = YES;
				CLANG_WARN_OBJC_LITERAL_CONVERSION = YES;
				CLANG_WARN_OBJC_ROOT_CLASS = YES_ERROR;
				CLANG_WARN_QUOTED_INCLUDE_IN_FRAMEWORK_HEADER = YES;
				CLANG_WARN_RANGE_LOOP_ANALYSIS = YES;
				CLANG_WARN_STRICT_PROTOTYPES = YES;
				CLANG_WARN_SUSPICIOUS_MOVE = YES;
				CLANG_WARN_UNGUARDED_AVAILABILITY = YES_AGGRESSIVE;
				CLANG_WARN_UNREACHABLE_CODE = YES;
				CLANG_WARN__DUPLICATE_METHOD_MATCH = YES;
				COPY_PHASE_STRIP = NO;
				DEBUG_INFORMATION_FORMAT = "dwarf-with-dsym";
				ENABLE_NS_ASSERTIONS = NO;
				ENABLE_STRICT_OBJC_MSGSEND = YES;
				GCC_C_LANGUAGE_STANDARD = gnu11;
				GCC_NO_COMMON_BLOCKS = YES;
				GCC_WARN_64_TO_32_BIT_CONVERSION = YES;
				GCC_WARN_ABOUT_RETURN_TYPE = YES_ERROR;
				GCC_WARN_UNDECLARED_SELECTOR = YES;
				GCC_WARN_UNINITIALIZED_AUTOS = YES_AGGRESSIVE;
				GCC_WARN_UNUSED_FUNCTION = YES;
				GCC_WARN_UNUSED_VARIABLE = YES;
				IPHONEOS_DEPLOYMENT_TARGET = 14.1;
				MTL_ENABLE_DEBUG_INFO = NO;
				MTL_FAST_MATH = YES;
				SDKROOT = iphoneos;
				SWIFT_COMPILATION_MODE = wholemodule;
				SWIFT_OPTIMIZATION_LEVEL = "-O";
				VALIDATE_PRODUCT = YES;
			};
			name = Release;
		};
		9C5072DF2555D21E008A7E0A /* Debug */ = {
			isa = XCBuildConfiguration;
			buildSettings = {
				ASSETCATALOG_COMPILER_APPICON_NAME = AppIcon;
				ASSETCATALOG_COMPILER_GLOBAL_ACCENT_COLOR_NAME = AccentColor;
				CODE_SIGN_STYLE = Automatic;
				INFOPLIST_FILE = "prototype-ui-update/Info.plist";
				LD_RUNPATH_SEARCH_PATHS = (
					"$(inherited)",
					"@executable_path/Frameworks",
				);
				PRODUCT_BUNDLE_IDENTIFIER = "com.emilledesma.prototype-ui-update";
				PRODUCT_NAME = "$(TARGET_NAME)";
				SWIFT_VERSION = 5.0;
				TARGETED_DEVICE_FAMILY = "1,2";
			};
			name = Debug;
		};
		9C5072E02555D21E008A7E0A /* Release */ = {
			isa = XCBuildConfiguration;
			buildSettings = {
				ASSETCATALOG_COMPILER_APPICON_NAME = AppIcon;
				ASSETCATALOG_COMPILER_GLOBAL_ACCENT_COLOR_NAME = AccentColor;
				CODE_SIGN_STYLE = Automatic;
				INFOPLIST_FILE = "prototype-ui-update/Info.plist";
				LD_RUNPATH_SEARCH_PATHS = (
					"$(inherited)",
					"@executable_path/Frameworks",
				);
				PRODUCT_BUNDLE_IDENTIFIER = "com.emilledesma.prototype-ui-update";
				PRODUCT_NAME = "$(TARGET_NAME)";
				SWIFT_VERSION = 5.0;
				TARGETED_DEVICE_FAMILY = "1,2";
			};
			name = Release;
		};
/* End XCBuildConfiguration section */

/* Begin XCConfigurationList section */
		9C5072C52555D21C008A7E0A /* Build configuration list for PBXProject "prototype-ui-update" */ = {
			isa = XCConfigurationList;
			buildConfigurations = (
				9C5072DC2555D21E008A7E0A /* Debug */,
				9C5072DD2555D21E008A7E0A /* Release */,
			);
			defaultConfigurationIsVisible = 0;
			defaultConfigurationName = Release;
		};
		9C5072DE2555D21E008A7E0A /* Build configuration list for PBXNativeTarget "prototype-ui-update" */ = {
			isa = XCConfigurationList;
			buildConfigurations = (
				9C5072DF2555D21E008A7E0A /* Debug */,
				9C5072E02555D21E008A7E0A /* Release */,
			);
			defaultConfigurationIsVisible = 0;
			defaultConfigurationName = Release;
		};
/* End XCConfigurationList section */
	};
	rootObject = 9C5072C22555D21C008A7E0A /* Project object */;
}
